
Microsoft Visual Studio Solution File, Format Version 12.00
# Visual Studio Version 17
VisualStudioVersion = 17.4.33403.182
MinimumVisualStudioVersion = 10.0.40219.1
Project("{9A19103F-16F7-4668-BE54-9A1E7A4F7556}") = "Preezie", "src\Preezie.csproj", "{059121B9-88DC-4E4D-BB7F-CE53B1CD6ACC}"
EndProject
Project("{2150E333-8FDC-42A3-9474-1A3956D46DE8}") = "src", "src", "{DCCCCAA0-1E16-42F5-91DF-B0B1C3C6FF8A}"
EndProject
Project("{2150E333-8FDC-42A3-9474-1A3956D46DE8}") = "tests", "tests", "{B172016E-DFFD-4B49-9533-7F3BE9D09D39}"
EndProject
Project("{FAE04EC0-301F-11D3-BF4B-00C04F79EFBC}") = "Preezie.UnitTests", "tests\Preezie.UnitTests\Preezie.UnitTests.csproj", "{E14254E9-01A4-432E-B3DF-A1F113A0D5C8}"
EndProject
Global
	GlobalSection(SolutionConfigurationPlatforms) = preSolution
		Debug|Any CPU = Debug|Any CPU
		Release|Any CPU = Release|Any CPU
	EndGlobalSection
	GlobalSection(ProjectConfigurationPlatforms) = postSolution
		{059121B9-88DC-4E4D-BB7F-CE53B1CD6ACC}.Debug|Any CPU.ActiveCfg = Debug|Any CPU
		{059121B9-88DC-4E4D-BB7F-CE53B1CD6ACC}.Debug|Any CPU.Build.0 = Debug|Any CPU
		{059121B9-88DC-4E4D-BB7F-CE53B1CD6ACC}.Release|Any CPU.ActiveCfg = Release|Any CPU
		{059121B9-88DC-4E4D-BB7F-CE53B1CD6ACC}.Release|Any CPU.Build.0 = Release|Any CPU
		{E14254E9-01A4-432E-B3DF-A1F113A0D5C8}.Debug|Any CPU.ActiveCfg = Debug|Any CPU
		{E14254E9-01A4-432E-B3DF-A1F113A0D5C8}.Debug|Any CPU.Build.0 = Debug|Any CPU
		{E14254E9-01A4-432E-B3DF-A1F113A0D5C8}.Release|Any CPU.ActiveCfg = Release|Any CPU
		{E14254E9-01A4-432E-B3DF-A1F113A0D5C8}.Release|Any CPU.Build.0 = Release|Any CPU
	EndGlobalSection
	GlobalSection(SolutionProperties) = preSolution
		HideSolutionNode = FALSE
	EndGlobalSection
	GlobalSection(NestedProjects) = preSolution
		{059121B9-88DC-4E4D-BB7F-CE53B1CD6ACC} = {DCCCCAA0-1E16-42F5-91DF-B0B1C3C6FF8A}
		{E14254E9-01A4-432E-B3DF-A1F113A0D5C8} = {B172016E-DFFD-4B49-9533-7F3BE9D09D39}
	EndGlobalSection
	GlobalSection(ExtensibilityGlobals) = postSolution
		SolutionGuid = {43B8A6CC-BD76-412B-BB17-AE5A75D30BC9}
	EndGlobalSection
EndGlobal
